// !$*UTF8*$!
{
	archiveVersion = 1;
	classes = {
	};
	objectVersion = 56;
	objects = {

/* Begin PBXBuildFile section */
		A95020DC2AE56B40006D1D9E /* AppDelegate.swift in Sources */ = {isa = PBXBuildFile; fileRef = A95020DB2AE56B40006D1D9E /* AppDelegate.swift */; };
		A95020DE2AE56B40006D1D9E /* SceneDelegate.swift in Sources */ = {isa = PBXBuildFile; fileRef = A95020DD2AE56B40006D1D9E /* SceneDelegate.swift */; };
		A95020E02AE56B40006D1D9E /* ViewController.swift in Sources */ = {isa = PBXBuildFile; fileRef = A95020DF2AE56B40006D1D9E /* ViewController.swift */; };
		A95020E52AE56B42006D1D9E /* Assets.xcassets in Resources */ = {isa = PBXBuildFile; fileRef = A95020E42AE56B42006D1D9E /* Assets.xcassets */; };
		A95020E82AE56B42006D1D9E /* LaunchScreen.storyboard in Resources */ = {isa = PBXBuildFile; fileRef = A95020E62AE56B42006D1D9E /* LaunchScreen.storyboard */; };
		A95020FD2AE56B5A006D1D9E /* XUIControl.swift in Sources */ = {isa = PBXBuildFile; fileRef = A95020F22AE56B52006D1D9E /* XUIControl.swift */; };
		A95020FE2AE56B5A006D1D9E /* XUILoadingViewController.swift in Sources */ = {isa = PBXBuildFile; fileRef = A95020F52AE56B52006D1D9E /* XUILoadingViewController.swift */; };
		A95020FF2AE56B5A006D1D9E /* XUIView.swift in Sources */ = {isa = PBXBuildFile; fileRef = A95020F02AE56B52006D1D9E /* XUIView.swift */; };
		A95021002AE56B5A006D1D9E /* XUITableViewCellBuilder.swift in Sources */ = {isa = PBXBuildFile; fileRef = A95020F72AE56B52006D1D9E /* XUITableViewCellBuilder.swift */; };
		A95021012AE56B5A006D1D9E /* XUIConfigurable.swift in Sources */ = {isa = PBXBuildFile; fileRef = A95020F42AE56B52006D1D9E /* XUIConfigurable.swift */; };
		A95021022AE56B5A006D1D9E /* XUISwiftUIController.swift in Sources */ = {isa = PBXBuildFile; fileRef = A95020F62AE56B52006D1D9E /* XUISwiftUIController.swift */; };
		A95021032AE56B5A006D1D9E /* XUIScrollView.swift in Sources */ = {isa = PBXBuildFile; fileRef = A95020F82AE56B52006D1D9E /* XUIScrollView.swift */; };
		A95021042AE56B5A006D1D9E /* XUITableViewCell.swift in Sources */ = {isa = PBXBuildFile; fileRef = A95020F12AE56B52006D1D9E /* XUITableViewCell.swift */; };
		A95021052AE56B5A006D1D9E /* XUIUserFlow.swift in Sources */ = {isa = PBXBuildFile; fileRef = A95020FC2AE56B52006D1D9E /* XUIUserFlow.swift */; };
		A95021062AE56B5A006D1D9E /* XUICoordinator.swift in Sources */ = {isa = PBXBuildFile; fileRef = A95020F92AE56B52006D1D9E /* XUICoordinator.swift */; };
		A95021072AE56B5A006D1D9E /* XUIPlaceholderController.swift in Sources */ = {isa = PBXBuildFile; fileRef = A95020FB2AE56B52006D1D9E /* XUIPlaceholderController.swift */; };
		A95021082AE56B5A006D1D9E /* XUIModalViewController.swift in Sources */ = {isa = PBXBuildFile; fileRef = A95020FA2AE56B52006D1D9E /* XUIModalViewController.swift */; };
		A95021092AE56B5A006D1D9E /* XUIViewController.swift in Sources */ = {isa = PBXBuildFile; fileRef = A95020F32AE56B52006D1D9E /* XUIViewController.swift */; };
		A950210E2AE56BEE006D1D9E /* XUITheme.swift in Sources */ = {isa = PBXBuildFile; fileRef = A950210A2AE56BB7006D1D9E /* XUITheme.swift */; };
		A950210F2AE56BEE006D1D9E /* XUIType.swift in Sources */ = {isa = PBXBuildFile; fileRef = A950210B2AE56BB7006D1D9E /* XUIType.swift */; };
/* End PBXBuildFile section */

/* Begin PBXFileReference section */
		A95020D82AE56B40006D1D9E /* XUILayout.app */ = {isa = PBXFileReference; explicitFileType = wrapper.application; includeInIndex = 0; path = XUILayout.app; sourceTree = BUILT_PRODUCTS_DIR; };
		A95020DB2AE56B40006D1D9E /* AppDelegate.swift */ = {isa = PBXFileReference; lastKnownFileType = sourcecode.swift; path = AppDelegate.swift; sourceTree = "<group>"; };
		A95020DD2AE56B40006D1D9E /* SceneDelegate.swift */ = {isa = PBXFileReference; lastKnownFileType = sourcecode.swift; path = SceneDelegate.swift; sourceTree = "<group>"; };
		A95020DF2AE56B40006D1D9E /* ViewController.swift */ = {isa = PBXFileReference; lastKnownFileType = sourcecode.swift; path = ViewController.swift; sourceTree = "<group>"; };
		A95020E42AE56B42006D1D9E /* Assets.xcassets */ = {isa = PBXFileReference; lastKnownFileType = folder.assetcatalog; path = Assets.xcassets; sourceTree = "<group>"; };
		A95020E72AE56B42006D1D9E /* Base */ = {isa = PBXFileReference; lastKnownFileType = file.storyboard; name = Base; path = Base.lproj/LaunchScreen.storyboard; sourceTree = "<group>"; };
		A95020E92AE56B42006D1D9E /* Info.plist */ = {isa = PBXFileReference; lastKnownFileType = text.plist.xml; path = Info.plist; sourceTree = "<group>"; };
		A95020F02AE56B52006D1D9E /* XUIView.swift */ = {isa = PBXFileReference; lastKnownFileType = sourcecode.swift; path = XUIView.swift; sourceTree = "<group>"; };
		A95020F12AE56B52006D1D9E /* XUITableViewCell.swift */ = {isa = PBXFileReference; lastKnownFileType = sourcecode.swift; path = XUITableViewCell.swift; sourceTree = "<group>"; };
		A95020F22AE56B52006D1D9E /* XUIControl.swift */ = {isa = PBXFileReference; lastKnownFileType = sourcecode.swift; path = XUIControl.swift; sourceTree = "<group>"; };
		A95020F32AE56B52006D1D9E /* XUIViewController.swift */ = {isa = PBXFileReference; lastKnownFileType = sourcecode.swift; path = XUIViewController.swift; sourceTree = "<group>"; };
		A95020F42AE56B52006D1D9E /* XUIConfigurable.swift */ = {isa = PBXFileReference; lastKnownFileType = sourcecode.swift; path = XUIConfigurable.swift; sourceTree = "<group>"; };
		A95020F52AE56B52006D1D9E /* XUILoadingViewController.swift */ = {isa = PBXFileReference; lastKnownFileType = sourcecode.swift; path = XUILoadingViewController.swift; sourceTree = "<group>"; };
		A95020F62AE56B52006D1D9E /* XUISwiftUIController.swift */ = {isa = PBXFileReference; lastKnownFileType = sourcecode.swift; path = XUISwiftUIController.swift; sourceTree = "<group>"; };
		A95020F72AE56B52006D1D9E /* XUITableViewCellBuilder.swift */ = {isa = PBXFileReference; lastKnownFileType = sourcecode.swift; path = XUITableViewCellBuilder.swift; sourceTree = "<group>"; };
		A95020F82AE56B52006D1D9E /* XUIScrollView.swift */ = {isa = PBXFileReference; lastKnownFileType = sourcecode.swift; path = XUIScrollView.swift; sourceTree = "<group>"; };
		A95020F92AE56B52006D1D9E /* XUICoordinator.swift */ = {isa = PBXFileReference; lastKnownFileType = sourcecode.swift; path = XUICoordinator.swift; sourceTree = "<group>"; };
		A95020FA2AE56B52006D1D9E /* XUIModalViewController.swift */ = {isa = PBXFileReference; lastKnownFileType = sourcecode.swift; path = XUIModalViewController.swift; sourceTree = "<group>"; };
		A95020FB2AE56B52006D1D9E /* XUIPlaceholderController.swift */ = {isa = PBXFileReference; lastKnownFileType = sourcecode.swift; path = XUIPlaceholderController.swift; sourceTree = "<group>"; };
		A95020FC2AE56B52006D1D9E /* XUIUserFlow.swift */ = {isa = PBXFileReference; lastKnownFileType = sourcecode.swift; path = XUIUserFlow.swift; sourceTree = "<group>"; };
		A950210A2AE56BB7006D1D9E /* XUITheme.swift */ = {isa = PBXFileReference; lastKnownFileType = sourcecode.swift; path = XUITheme.swift; sourceTree = "<group>"; };
		A950210B2AE56BB7006D1D9E /* XUIType.swift */ = {isa = PBXFileReference; lastKnownFileType = sourcecode.swift; path = XUIType.swift; sourceTree = "<group>"; };
/* End PBXFileReference section */

/* Begin PBXFrameworksBuildPhase section */
		A95020D52AE56B40006D1D9E /* Frameworks */ = {
			isa = PBXFrameworksBuildPhase;
			buildActionMask = 2147483647;
			files = (
			);
			runOnlyForDeploymentPostprocessing = 0;
		};
/* End PBXFrameworksBuildPhase section */

/* Begin PBXGroup section */
		A95020CF2AE56B40006D1D9E = {
			isa = PBXGroup;
			children = (
				A95020DA2AE56B40006D1D9E /* XUILayout */,
				A95020D92AE56B40006D1D9E /* Products */,
			);
			sourceTree = "<group>";
		};
		A95020D92AE56B40006D1D9E /* Products */ = {
			isa = PBXGroup;
			children = (
				A95020D82AE56B40006D1D9E /* XUILayout.app */,
			);
			name = Products;
			sourceTree = "<group>";
		};
		A95020DA2AE56B40006D1D9E /* XUILayout */ = {
			isa = PBXGroup;
			children = (
				A95020EF2AE56B52006D1D9E /* XUI */,
				A95020DB2AE56B40006D1D9E /* AppDelegate.swift */,
				A95020DD2AE56B40006D1D9E /* SceneDelegate.swift */,
				A95020DF2AE56B40006D1D9E /* ViewController.swift */,
				A95020E42AE56B42006D1D9E /* Assets.xcassets */,
				A95020E62AE56B42006D1D9E /* LaunchScreen.storyboard */,
				A95020E92AE56B42006D1D9E /* Info.plist */,
			);
			path = XUILayout;
			sourceTree = "<group>";
		};
		A95020EF2AE56B52006D1D9E /* XUI */ = {
			isa = PBXGroup;
			children = (
				A95021102AE56CD4006D1D9E /* XUILayout */,
				A95020F02AE56B52006D1D9E /* XUIView.swift */,
				A95020F12AE56B52006D1D9E /* XUITableViewCell.swift */,
				A95020F22AE56B52006D1D9E /* XUIControl.swift */,
				A95020F32AE56B52006D1D9E /* XUIViewController.swift */,
				A95020F42AE56B52006D1D9E /* XUIConfigurable.swift */,
				A95020F52AE56B52006D1D9E /* XUILoadingViewController.swift */,
				A95020F62AE56B52006D1D9E /* XUISwiftUIController.swift */,
				A95020F72AE56B52006D1D9E /* XUITableViewCellBuilder.swift */,
				A95020F82AE56B52006D1D9E /* XUIScrollView.swift */,
				A95020F92AE56B52006D1D9E /* XUICoordinator.swift */,
				A95020FA2AE56B52006D1D9E /* XUIModalViewController.swift */,
				A95020FB2AE56B52006D1D9E /* XUIPlaceholderController.swift */,
				A95020FC2AE56B52006D1D9E /* XUIUserFlow.swift */,
				A950210A2AE56BB7006D1D9E /* XUITheme.swift */,
				A950210B2AE56BB7006D1D9E /* XUIType.swift */,
			);
			path = XUI;
			sourceTree = "<group>";
		};
		A95021102AE56CD4006D1D9E /* XUILayout */ = {
			isa = PBXGroup;
			children = (
			);
			path = XUILayout;
			sourceTree = "<group>";
		};
/* End PBXGroup section */

/* Begin PBXNativeTarget section */
		A95020D72AE56B40006D1D9E /* XUILayout */ = {
			isa = PBXNativeTarget;
			buildConfigurationList = A95020EC2AE56B42006D1D9E /* Build configuration list for PBXNativeTarget "XUILayout" */;
			buildPhases = (
				A95020D42AE56B40006D1D9E /* Sources */,
				A95020D52AE56B40006D1D9E /* Frameworks */,
				A95020D62AE56B40006D1D9E /* Resources */,
			);
			buildRules = (
			);
			dependencies = (
			);
			name = XUILayout;
			productName = XUILayout;
			productReference = A95020D82AE56B40006D1D9E /* XUILayout.app */;
			productType = "com.apple.product-type.application";
		};
/* End PBXNativeTarget section */

/* Begin PBXProject section */
		A95020D02AE56B40006D1D9E /* Project object */ = {
			isa = PBXProject;
			attributes = {
				BuildIndependentTargetsInParallel = 1;
				LastSwiftUpdateCheck = 1500;
				LastUpgradeCheck = 1500;
				TargetAttributes = {
					A95020D72AE56B40006D1D9E = {
						CreatedOnToolsVersion = 15.0;
					};
				};
			};
			buildConfigurationList = A95020D32AE56B40006D1D9E /* Build configuration list for PBXProject "XUILayout" */;
			compatibilityVersion = "Xcode 14.0";
			developmentRegion = en;
			hasScannedForEncodings = 0;
			knownRegions = (
				en,
				Base,
			);
			mainGroup = A95020CF2AE56B40006D1D9E;
			productRefGroup = A95020D92AE56B40006D1D9E /* Products */;
			projectDirPath = "";
			projectRoot = "";
			targets = (
				A95020D72AE56B40006D1D9E /* XUILayout */,
			);
		};
/* End PBXProject section */

/* Begin PBXResourcesBuildPhase section */
		A95020D62AE56B40006D1D9E /* Resources */ = {
			isa = PBXResourcesBuildPhase;
			buildActionMask = 2147483647;
			files = (
				A95020E82AE56B42006D1D9E /* LaunchScreen.storyboard in Resources */,
				A95020E52AE56B42006D1D9E /* Assets.xcassets in Resources */,
			);
			runOnlyForDeploymentPostprocessing = 0;
		};
/* End PBXResourcesBuildPhase section */

/* Begin PBXSourcesBuildPhase section */
		A95020D42AE56B40006D1D9E /* Sources */ = {
			isa = PBXSourcesBuildPhase;
			buildActionMask = 2147483647;
			files = (
				A95021072AE56B5A006D1D9E /* XUIPlaceholderController.swift in Sources */,
				A95021042AE56B5A006D1D9E /* XUITableViewCell.swift in Sources */,
				A95021052AE56B5A006D1D9E /* XUIUserFlow.swift in Sources */,
				A95021082AE56B5A006D1D9E /* XUIModalViewController.swift in Sources */,
				A95020E02AE56B40006D1D9E /* ViewController.swift in Sources */,
				A95021002AE56B5A006D1D9E /* XUITableViewCellBuilder.swift in Sources */,
				A950210F2AE56BEE006D1D9E /* XUIType.swift in Sources */,
				A95020DC2AE56B40006D1D9E /* AppDelegate.swift in Sources */,
				A95021092AE56B5A006D1D9E /* XUIViewController.swift in Sources */,
				A95020FD2AE56B5A006D1D9E /* XUIControl.swift in Sources */,
				A950210E2AE56BEE006D1D9E /* XUITheme.swift in Sources */,
				A95021032AE56B5A006D1D9E /* XUIScrollView.swift in Sources */,
				A95020FE2AE56B5A006D1D9E /* XUILoadingViewController.swift in Sources */,
				A95020DE2AE56B40006D1D9E /* SceneDelegate.swift in Sources */,
				A95020FF2AE56B5A006D1D9E /* XUIView.swift in Sources */,
				A95021062AE56B5A006D1D9E /* XUICoordinator.swift in Sources */,
				A95021012AE56B5A006D1D9E /* XUIConfigurable.swift in Sources */,
				A95021022AE56B5A006D1D9E /* XUISwiftUIController.swift in Sources */,
			);
			runOnlyForDeploymentPostprocessing = 0;
		};
/* End PBXSourcesBuildPhase section */

/* Begin PBXVariantGroup section */
		A95020E62AE56B42006D1D9E /* LaunchScreen.storyboard */ = {
			isa = PBXVariantGroup;
			children = (
				A95020E72AE56B42006D1D9E /* Base */,
			);
			name = LaunchScreen.storyboard;
			sourceTree = "<group>";
		};
/* End PBXVariantGroup section */

/* Begin XCBuildConfiguration section */
		A95020EA2AE56B42006D1D9E /* Debug */ = {
			isa = XCBuildConfiguration;
			buildSettings = {
				ALWAYS_SEARCH_USER_PATHS = NO;
				ASSETCATALOG_COMPILER_GENERATE_SWIFT_ASSET_SYMBOL_EXTENSIONS = YES;
				CLANG_ANALYZER_NONNULL = YES;
				CLANG_ANALYZER_NUMBER_OBJECT_CONVERSION = YES_AGGRESSIVE;
				CLANG_CXX_LANGUAGE_STANDARD = "gnu++20";
				CLANG_ENABLE_MODULES = YES;
				CLANG_ENABLE_OBJC_ARC = YES;
				CLANG_ENABLE_OBJC_WEAK = YES;
				CLANG_WARN_BLOCK_CAPTURE_AUTORELEASING = YES;
				CLANG_WARN_BOOL_CONVERSION = YES;
				CLANG_WARN_COMMA = YES;
				CLANG_WARN_CONSTANT_CONVERSION = YES;
				CLANG_WARN_DEPRECATED_OBJC_IMPLEMENTATIONS = YES;
				CLANG_WARN_DIRECT_OBJC_ISA_USAGE = YES_ERROR;
				CLANG_WARN_DOCUMENTATION_COMMENTS = YES;
				CLANG_WARN_EMPTY_BODY = YES;
				CLANG_WARN_ENUM_CONVERSION = YES;
				CLANG_WARN_INFINITE_RECURSION = YES;
				CLANG_WARN_INT_CONVERSION = YES;
				CLANG_WARN_NON_LITERAL_NULL_CONVERSION = YES;
				CLANG_WARN_OBJC_IMPLICIT_RETAIN_SELF = YES;
				CLANG_WARN_OBJC_LITERAL_CONVERSION = YES;
				CLANG_WARN_OBJC_ROOT_CLASS = YES_ERROR;
				CLANG_WARN_QUOTED_INCLUDE_IN_FRAMEWORK_HEADER = YES;
				CLANG_WARN_RANGE_LOOP_ANALYSIS = YES;
				CLANG_WARN_STRICT_PROTOTYPES = YES;
				CLANG_WARN_SUSPICIOUS_MOVE = YES;
				CLANG_WARN_UNGUARDED_AVAILABILITY = YES_AGGRESSIVE;
				CLANG_WARN_UNREACHABLE_CODE = YES;
				CLANG_WARN__DUPLICATE_METHOD_MATCH = YES;
				COPY_PHASE_STRIP = NO;
				DEBUG_INFORMATION_FORMAT = dwarf;
				ENABLE_STRICT_OBJC_MSGSEND = YES;
				ENABLE_TESTABILITY = YES;
				ENABLE_USER_SCRIPT_SANDBOXING = YES;
				GCC_C_LANGUAGE_STANDARD = gnu17;
				GCC_DYNAMIC_NO_PIC = NO;
				GCC_NO_COMMON_BLOCKS = YES;
				GCC_OPTIMIZATION_LEVEL = 0;
				GCC_PREPROCESSOR_DEFINITIONS = (
					"DEBUG=1",
					"$(inherited)",
				);
				GCC_WARN_64_TO_32_BIT_CONVERSION = YES;
				GCC_WARN_ABOUT_RETURN_TYPE = YES_ERROR;
				GCC_WARN_UNDECLARED_SELECTOR = YES;
				GCC_WARN_UNINITIALIZED_AUTOS = YES_AGGRESSIVE;
				GCC_WARN_UNUSED_FUNCTION = YES;
				GCC_WARN_UNUSED_VARIABLE = YES;
				IPHONEOS_DEPLOYMENT_TARGET = 17.0;
				LOCALIZATION_PREFERS_STRING_CATALOGS = YES;
				MTL_ENABLE_DEBUG_INFO = INCLUDE_SOURCE;
				MTL_FAST_MATH = YES;
				ONLY_ACTIVE_ARCH = YES;
				SDKROOT = iphoneos;
				SWIFT_ACTIVE_COMPILATION_CONDITIONS = "DEBUG $(inherited)";
				SWIFT_OPTIMIZATION_LEVEL = "-Onone";
			};
			name = Debug;
		};
		A95020EB2AE56B42006D1D9E /* Release */ = {
			isa = XCBuildConfiguration;
			buildSettings = {
				ALWAYS_SEARCH_USER_PATHS = NO;
				ASSETCATALOG_COMPILER_GENERATE_SWIFT_ASSET_SYMBOL_EXTENSIONS = YES;
				CLANG_ANALYZER_NONNULL = YES;
				CLANG_ANALYZER_NUMBER_OBJECT_CONVERSION = YES_AGGRESSIVE;
				CLANG_CXX_LANGUAGE_STANDARD = "gnu++20";
				CLANG_ENABLE_MODULES = YES;
				CLANG_ENABLE_OBJC_ARC = YES;
				CLANG_ENABLE_OBJC_WEAK = YES;
				CLANG_WARN_BLOCK_CAPTURE_AUTORELEASING = YES;
				CLANG_WARN_BOOL_CONVERSION = YES;
				CLANG_WARN_COMMA = YES;
				CLANG_WARN_CONSTANT_CONVERSION = YES;
				CLANG_WARN_DEPRECATED_OBJC_IMPLEMENTATIONS = YES;
				CLANG_WARN_DIRECT_OBJC_ISA_USAGE = YES_ERROR;
				CLANG_WARN_DOCUMENTATION_COMMENTS = YES;
				CLANG_WARN_EMPTY_BODY = YES;
				CLANG_WARN_ENUM_CONVERSION = YES;
				CLANG_WARN_INFINITE_RECURSION = YES;
				CLANG_WARN_INT_CONVERSION = YES;
				CLANG_WARN_NON_LITERAL_NULL_CONVERSION = YES;
				CLANG_WARN_OBJC_IMPLICIT_RETAIN_SELF = YES;
				CLANG_WARN_OBJC_LITERAL_CONVERSION = YES;
				CLANG_WARN_OBJC_ROOT_CLASS = YES_ERROR;
				CLANG_WARN_QUOTED_INCLUDE_IN_FRAMEWORK_HEADER = YES;
				CLANG_WARN_RANGE_LOOP_ANALYSIS = YES;
				CLANG_WARN_STRICT_PROTOTYPES = YES;
				CLANG_WARN_SUSPICIOUS_MOVE = YES;
				CLANG_WARN_UNGUARDED_AVAILABILITY = YES_AGGRESSIVE;
				CLANG_WARN_UNREACHABLE_CODE = YES;
				CLANG_WARN__DUPLICATE_METHOD_MATCH = YES;
				COPY_PHASE_STRIP = NO;
				DEBUG_INFORMATION_FORMAT = "dwarf-with-dsym";
				ENABLE_NS_ASSERTIONS = NO;
				ENABLE_STRICT_OBJC_MSGSEND = YES;
				ENABLE_USER_SCRIPT_SANDBOXING = YES;
				GCC_C_LANGUAGE_STANDARD = gnu17;
				GCC_NO_COMMON_BLOCKS = YES;
				GCC_WARN_64_TO_32_BIT_CONVERSION = YES;
				GCC_WARN_ABOUT_RETURN_TYPE = YES_ERROR;
				GCC_WARN_UNDECLARED_SELECTOR = YES;
				GCC_WARN_UNINITIALIZED_AUTOS = YES_AGGRESSIVE;
				GCC_WARN_UNUSED_FUNCTION = YES;
				GCC_WARN_UNUSED_VARIABLE = YES;
				IPHONEOS_DEPLOYMENT_TARGET = 17.0;
				LOCALIZATION_PREFERS_STRING_CATALOGS = YES;
				MTL_ENABLE_DEBUG_INFO = NO;
				MTL_FAST_MATH = YES;
				SDKROOT = iphoneos;
				SWIFT_COMPILATION_MODE = wholemodule;
				VALIDATE_PRODUCT = YES;
			};
			name = Release;
		};
		A95020ED2AE56B42006D1D9E /* Debug */ = {
			isa = XCBuildConfiguration;
			buildSettings = {
				ASSETCATALOG_COMPILER_APPICON_NAME = AppIcon;
				ASSETCATALOG_COMPILER_GLOBAL_ACCENT_COLOR_NAME = AccentColor;
				CODE_SIGN_STYLE = Automatic;
				CURRENT_PROJECT_VERSION = 1;
				DEVELOPMENT_TEAM = 8STHWE4QY7;
				GENERATE_INFOPLIST_FILE = YES;
				INFOPLIST_FILE = XUILayout/Info.plist;
				INFOPLIST_KEY_UIApplicationSupportsIndirectInputEvents = YES;
				INFOPLIST_KEY_UILaunchStoryboardName = LaunchScreen;
				INFOPLIST_KEY_UISupportedInterfaceOrientations_iPad = "UIInterfaceOrientationPortrait UIInterfaceOrientationPortraitUpsideDown UIInterfaceOrientationLandscapeLeft UIInterfaceOrientationLandscapeRight";
				INFOPLIST_KEY_UISupportedInterfaceOrientations_iPhone = "UIInterfaceOrientationPortrait UIInterfaceOrientationLandscapeLeft UIInterfaceOrientationLandscapeRight";
				IPHONEOS_DEPLOYMENT_TARGET = 15.0;
				LD_RUNPATH_SEARCH_PATHS = (
					"$(inherited)",
					"@executable_path/Frameworks",
				);
				MARKETING_VERSION = 1.0;
				PRODUCT_BUNDLE_IDENTIFIER = dev.umurgdk.playgrounds.XUILayout;
				PRODUCT_NAME = "$(TARGET_NAME)";
				SWIFT_EMIT_LOC_STRINGS = YES;
				SWIFT_VERSION = 5.0;
				TARGETED_DEVICE_FAMILY = "1,2";
			};
			name = Debug;
		};
		A95020EE2AE56B42006D1D9E /* Release */ = {
			isa = XCBuildConfiguration;
			buildSettings = {
				ASSETCATALOG_COMPILER_APPICON_NAME = AppIcon;
				ASSETCATALOG_COMPILER_GLOBAL_ACCENT_COLOR_NAME = AccentColor;
				CODE_SIGN_STYLE = Automatic;
				CURRENT_PROJECT_VERSION = 1;
				DEVELOPMENT_TEAM = 8STHWE4QY7;
				GENERATE_INFOPLIST_FILE = YES;
				INFOPLIST_FILE = XUILayout/Info.plist;
				INFOPLIST_KEY_UIApplicationSupportsIndirectInputEvents = YES;
				INFOPLIST_KEY_UILaunchStoryboardName = LaunchScreen;
				INFOPLIST_KEY_UISupportedInterfaceOrientations_iPad = "UIInterfaceOrientationPortrait UIInterfaceOrientationPortraitUpsideDown UIInterfaceOrientationLandscapeLeft UIInterfaceOrientationLandscapeRight";
				INFOPLIST_KEY_UISupportedInterfaceOrientations_iPhone = "UIInterfaceOrientationPortrait UIInterfaceOrientationLandscapeLeft UIInterfaceOrientationLandscapeRight";
				IPHONEOS_DEPLOYMENT_TARGET = 15.0;
				LD_RUNPATH_SEARCH_PATHS = (
					"$(inherited)",
					"@executable_path/Frameworks",
				);
				MARKETING_VERSION = 1.0;
				PRODUCT_BUNDLE_IDENTIFIER = dev.umurgdk.playgrounds.XUILayout;
				PRODUCT_NAME = "$(TARGET_NAME)";
				SWIFT_EMIT_LOC_STRINGS = YES;
				SWIFT_VERSION = 5.0;
				TARGETED_DEVICE_FAMILY = "1,2";
			};
			name = Release;
		};
/* End XCBuildConfiguration section */

/* Begin XCConfigurationList section */
		A95020D32AE56B40006D1D9E /* Build configuration list for PBXProject "XUILayout" */ = {
			isa = XCConfigurationList;
			buildConfigurations = (
				A95020EA2AE56B42006D1D9E /* Debug */,
				A95020EB2AE56B42006D1D9E /* Release */,
			);
			defaultConfigurationIsVisible = 0;
			defaultConfigurationName = Release;
		};
		A95020EC2AE56B42006D1D9E /* Build configuration list for PBXNativeTarget "XUILayout" */ = {
			isa = XCConfigurationList;
			buildConfigurations = (
				A95020ED2AE56B42006D1D9E /* Debug */,
				A95020EE2AE56B42006D1D9E /* Release */,
			);
			defaultConfigurationIsVisible = 0;
			defaultConfigurationName = Release;
		};
/* End XCConfigurationList section */
	};
	rootObject = A95020D02AE56B40006D1D9E /* Project object */;
}
